
Microsoft Visual Studio Solution File, Format Version 12.00
# Visual Studio Version 16
VisualStudioVersion = 16.0.808.8
MinimumVisualStudioVersion = 10.0.40219.1
Project("{FAE04EC0-301F-11D3-BF4B-00C04F79EFBC}") = "aws-csharp", "aws-csharp.csproj", "{0A515345-A42D-4909-999F-92524A690529}"
EndProject
Global
	GlobalSection(SolutionConfigurationPlatforms) = preSolution
		Debug|Any CPU = Debug|Any CPU
		Release|Any CPU = Release|Any CPU
	EndGlobalSection
	GlobalSection(ProjectConfigurationPlatforms) = postSolution
		{0A515345-A42D-4909-999F-92524A690529}.Debug|Any CPU.ActiveCfg = Debug|Any CPU
		{0A515345-A42D-4909-999F-92524A690529}.Debug|Any CPU.Build.0 = Debug|Any CPU
		{0A515345-A42D-4909-999F-92524A690529}.Release|Any CPU.ActiveCfg = Release|Any CPU
		{0A515345-A42D-4909-999F-92524A690529}.Release|Any CPU.Build.0 = Release|Any CPU
	EndGlobalSection
	GlobalSection(SolutionProperties) = preSolution
		HideSolutionNode = FALSE
	EndGlobalSection
	GlobalSection(ExtensibilityGlobals) = postSolution
		SolutionGuid = {98E48191-96A1-48C7-9BE4-EE7023FC9DC9}
	EndGlobalSection
EndGlobal
